
Microsoft Visual Studio Solution File, Format Version 12.00
# Visual Studio Version 18
VisualStudioVersion = 18.1.11312.151
MinimumVisualStudioVersion = 10.0.40219.1
Project("{FAE04EC0-301F-11D3-BF4B-00C04F79EFBC}") = "FlagTip", "FlagTip\FlagTip.csproj", "{29474005-200B-41F7-BE15-CA0BC14F375E}"
EndProject
Project("{C7167F0D-BC9F-4E6E-AFE1-012C56B48DB5}") = "FlagTip.MSIX", "FlagTip.MSIX\FlagTip.MSIX.wapproj", "{02CCB1BF-99F8-45F1-8A5F-57D6DFF65FD9}"
EndProject
Project("{FAE04EC0-301F-11D3-BF4B-00C04F79EFBC}") = "FlagTip.Updater", "FlagTip.Updater\FlagTip.Updater.csproj", "{9B7A7460-81E2-47DD-A637-63F3D0F3281B}"
EndProject
Project("{930C7802-8A8C-48F9-8165-68863BCCD9DD}") = "FlagTip.Installer", "FlagTip.Installer\FlagTip.Installer.wixproj", "{0602B27E-189F-46B7-AB87-68D1724681CD}"
EndProject
Global
	GlobalSection(SolutionConfigurationPlatforms) = preSolution
		Debug|Any CPU = Debug|Any CPU
		Debug|ARM = Debug|ARM
		Debug|ARM64 = Debug|ARM64
		Debug|x64 = Debug|x64
		Debug|x86 = Debug|x86
		Release|Any CPU = Release|Any CPU
		Release|ARM = Release|ARM
		Release|ARM64 = Release|ARM64
		Release|x64 = Release|x64
		Release|x86 = Release|x86
	EndGlobalSection
	GlobalSection(ProjectConfigurationPlatforms) = postSolution
		{29474005-200B-41F7-BE15-CA0BC14F375E}.Debug|Any CPU.ActiveCfg = Debug|Any CPU
		{29474005-200B-41F7-BE15-CA0BC14F375E}.Debug|Any CPU.Build.0 = Debug|Any CPU
		{29474005-200B-41F7-BE15-CA0BC14F375E}.Debug|ARM.ActiveCfg = Debug|Any CPU
		{29474005-200B-41F7-BE15-CA0BC14F375E}.Debug|ARM.Build.0 = Debug|Any CPU
		{29474005-200B-41F7-BE15-CA0BC14F375E}.Debug|ARM64.ActiveCfg = Debug|Any CPU
		{29474005-200B-41F7-BE15-CA0BC14F375E}.Debug|ARM64.Build.0 = Debug|Any CPU
		{29474005-200B-41F7-BE15-CA0BC14F375E}.Debug|x64.ActiveCfg = Debug|Any CPU
		{29474005-200B-41F7-BE15-CA0BC14F375E}.Debug|x64.Build.0 = Debug|Any CPU
		{29474005-200B-41F7-BE15-CA0BC14F375E}.Debug|x86.ActiveCfg = Debug|Any CPU
		{29474005-200B-41F7-BE15-CA0BC14F375E}.Debug|x86.Build.0 = Debug|Any CPU
		{29474005-200B-41F7-BE15-CA0BC14F375E}.Release|Any CPU.ActiveCfg = Release|Any CPU
		{29474005-200B-41F7-BE15-CA0BC14F375E}.Release|Any CPU.Build.0 = Release|Any CPU
		{29474005-200B-41F7-BE15-CA0BC14F375E}.Release|ARM.ActiveCfg = Release|Any CPU
		{29474005-200B-41F7-BE15-CA0BC14F375E}.Release|ARM.Build.0 = Release|Any CPU
		{29474005-200B-41F7-BE15-CA0BC14F375E}.Release|ARM64.ActiveCfg = Release|Any CPU
		{29474005-200B-41F7-BE15-CA0BC14F375E}.Release|ARM64.Build.0 = Release|Any CPU
		{29474005-200B-41F7-BE15-CA0BC14F375E}.Release|x64.ActiveCfg = Release|Any CPU
		{29474005-200B-41F7-BE15-CA0BC14F375E}.Release|x64.Build.0 = Release|Any CPU
		{29474005-200B-41F7-BE15-CA0BC14F375E}.Release|x86.ActiveCfg = Release|Any CPU
		{29474005-200B-41F7-BE15-CA0BC14F375E}.Release|x86.Build.0 = Release|Any CPU
		{02CCB1BF-99F8-45F1-8A5F-57D6DFF65FD9}.Debug|Any CPU.ActiveCfg = Debug|Any CPU
		{02CCB1BF-99F8-45F1-8A5F-57D6DFF65FD9}.Debug|Any CPU.Build.0 = Debug|Any CPU
		{02CCB1BF-99F8-45F1-8A5F-57D6DFF65FD9}.Debug|Any CPU.Deploy.0 = Debug|Any CPU
		{02CCB1BF-99F8-45F1-8A5F-57D6DFF65FD9}.Debug|ARM.ActiveCfg = Debug|ARM
		{02CCB1BF-99F8-45F1-8A5F-57D6DFF65FD9}.Debug|ARM.Build.0 = Debug|ARM
		{02CCB1BF-99F8-45F1-8A5F-57D6DFF65FD9}.Debug|ARM.Deploy.0 = Debug|ARM
		{02CCB1BF-99F8-45F1-8A5F-57D6DFF65FD9}.Debug|ARM64.ActiveCfg = Debug|ARM64
		{02CCB1BF-99F8-45F1-8A5F-57D6DFF65FD9}.Debug|ARM64.Build.0 = Debug|ARM64
		{02CCB1BF-99F8-45F1-8A5F-57D6DFF65FD9}.Debug|ARM64.Deploy.0 = Debug|ARM64
		{02CCB1BF-99F8-45F1-8A5F-57D6DFF65FD9}.Debug|x64.ActiveCfg = Debug|x64
		{02CCB1BF-99F8-45F1-8A5F-57D6DFF65FD9}.Debug|x64.Build.0 = Debug|x64
		{02CCB1BF-99F8-45F1-8A5F-57D6DFF65FD9}.Debug|x64.Deploy.0 = Debug|x64
		{02CCB1BF-99F8-45F1-8A5F-57D6DFF65FD9}.Debug|x86.ActiveCfg = Debug|x86
		{02CCB1BF-99F8-45F1-8A5F-57D6DFF65FD9}.Debug|x86.Build.0 = Debug|x86
		{02CCB1BF-99F8-45F1-8A5F-57D6DFF65FD9}.Debug|x86.Deploy.0 = Debug|x86
		{02CCB1BF-99F8-45F1-8A5F-57D6DFF65FD9}.Release|Any CPU.ActiveCfg = Release|Any CPU
		{02CCB1BF-99F8-45F1-8A5F-57D6DFF65FD9}.Release|Any CPU.Build.0 = Release|Any CPU
		{02CCB1BF-99F8-45F1-8A5F-57D6DFF65FD9}.Release|Any CPU.Deploy.0 = Release|Any CPU
		{02CCB1BF-99F8-45F1-8A5F-57D6DFF65FD9}.Release|ARM.ActiveCfg = Release|ARM
		{02CCB1BF-99F8-45F1-8A5F-57D6DFF65FD9}.Release|ARM.Build.0 = Release|ARM
		{02CCB1BF-99F8-45F1-8A5F-57D6DFF65FD9}.Release|ARM.Deploy.0 = Release|ARM
		{02CCB1BF-99F8-45F1-8A5F-57D6DFF65FD9}.Release|ARM64.ActiveCfg = Release|ARM64
		{02CCB1BF-99F8-45F1-8A5F-57D6DFF65FD9}.Release|ARM64.Build.0 = Release|ARM64
		{02CCB1BF-99F8-45F1-8A5F-57D6DFF65FD9}.Release|ARM64.Deploy.0 = Release|ARM64
		{02CCB1BF-99F8-45F1-8A5F-57D6DFF65FD9}.Release|x64.ActiveCfg = Release|x64
		{02CCB1BF-99F8-45F1-8A5F-57D6DFF65FD9}.Release|x64.Build.0 = Release|x64
		{02CCB1BF-99F8-45F1-8A5F-57D6DFF65FD9}.Release|x64.Deploy.0 = Release|x64
		{02CCB1BF-99F8-45F1-8A5F-57D6DFF65FD9}.Release|x86.ActiveCfg = Release|x86
		{02CCB1BF-99F8-45F1-8A5F-57D6DFF65FD9}.Release|x86.Build.0 = Release|x86
		{02CCB1BF-99F8-45F1-8A5F-57D6DFF65FD9}.Release|x86.Deploy.0 = Release|x86
		{9B7A7460-81E2-47DD-A637-63F3D0F3281B}.Debug|Any CPU.ActiveCfg = Debug|Any CPU
		{9B7A7460-81E2-47DD-A637-63F3D0F3281B}.Debug|Any CPU.Build.0 = Debug|Any CPU
		{9B7A7460-81E2-47DD-A637-63F3D0F3281B}.Debug|ARM.ActiveCfg = Debug|Any CPU
		{9B7A7460-81E2-47DD-A637-63F3D0F3281B}.Debug|ARM.Build.0 = Debug|Any CPU
		{9B7A7460-81E2-47DD-A637-63F3D0F3281B}.Debug|ARM64.ActiveCfg = Debug|Any CPU
		{9B7A7460-81E2-47DD-A637-63F3D0F3281B}.Debug|ARM64.Build.0 = Debug|Any CPU
		{9B7A7460-81E2-47DD-A637-63F3D0F3281B}.Debug|x64.ActiveCfg = Debug|Any CPU
		{9B7A7460-81E2-47DD-A637-63F3D0F3281B}.Debug|x64.Build.0 = Debug|Any CPU
		{9B7A7460-81E2-47DD-A637-63F3D0F3281B}.Debug|x86.ActiveCfg = Debug|Any CPU
		{9B7A7460-81E2-47DD-A637-63F3D0F3281B}.Debug|x86.Build.0 = Debug|Any CPU
		{9B7A7460-81E2-47DD-A637-63F3D0F3281B}.Release|Any CPU.ActiveCfg = Release|Any CPU
		{9B7A7460-81E2-47DD-A637-63F3D0F3281B}.Release|Any CPU.Build.0 = Release|Any CPU
		{9B7A7460-81E2-47DD-A637-63F3D0F3281B}.Release|ARM.ActiveCfg = Release|Any CPU
		{9B7A7460-81E2-47DD-A637-63F3D0F3281B}.Release|ARM.Build.0 = Release|Any CPU
		{9B7A7460-81E2-47DD-A637-63F3D0F3281B}.Release|ARM64.ActiveCfg = Release|Any CPU
		{9B7A7460-81E2-47DD-A637-63F3D0F3281B}.Release|ARM64.Build.0 = Release|Any CPU
		{9B7A7460-81E2-47DD-A637-63F3D0F3281B}.Release|x64.ActiveCfg = Release|Any CPU
		{9B7A7460-81E2-47DD-A637-63F3D0F3281B}.Release|x64.Build.0 = Release|Any CPU
		{9B7A7460-81E2-47DD-A637-63F3D0F3281B}.Release|x86.ActiveCfg = Release|Any CPU
		{9B7A7460-81E2-47DD-A637-63F3D0F3281B}.Release|x86.Build.0 = Release|Any CPU
		{0602B27E-189F-46B7-AB87-68D1724681CD}.Debug|Any CPU.ActiveCfg = Debug|x86
		{0602B27E-189F-46B7-AB87-68D1724681CD}.Debug|Any CPU.Build.0 = Debug|x86
		{0602B27E-189F-46B7-AB87-68D1724681CD}.Debug|ARM.ActiveCfg = Debug|x86
		{0602B27E-189F-46B7-AB87-68D1724681CD}.Debug|ARM.Build.0 = Debug|x86
		{0602B27E-189F-46B7-AB87-68D1724681CD}.Debug|ARM64.ActiveCfg = Debug|x86
		{0602B27E-189F-46B7-AB87-68D1724681CD}.Debug|ARM64.Build.0 = Debug|x86
		{0602B27E-189F-46B7-AB87-68D1724681CD}.Debug|x64.ActiveCfg = Debug|x86
		{0602B27E-189F-46B7-AB87-68D1724681CD}.Debug|x64.Build.0 = Debug|x86
		{0602B27E-189F-46B7-AB87-68D1724681CD}.Debug|x86.ActiveCfg = Debug|x86
		{0602B27E-189F-46B7-AB87-68D1724681CD}.Debug|x86.Build.0 = Debug|x86
		{0602B27E-189F-46B7-AB87-68D1724681CD}.Release|Any CPU.ActiveCfg = Release|x86
		{0602B27E-189F-46B7-AB87-68D1724681CD}.Release|Any CPU.Build.0 = Release|x86
		{0602B27E-189F-46B7-AB87-68D1724681CD}.Release|ARM.ActiveCfg = Release|x86
		{0602B27E-189F-46B7-AB87-68D1724681CD}.Release|ARM.Build.0 = Release|x86
		{0602B27E-189F-46B7-AB87-68D1724681CD}.Release|ARM64.ActiveCfg = Release|x86
		{0602B27E-189F-46B7-AB87-68D1724681CD}.Release|ARM64.Build.0 = Release|x86
		{0602B27E-189F-46B7-AB87-68D1724681CD}.Release|x64.ActiveCfg = Release|x86
		{0602B27E-189F-46B7-AB87-68D1724681CD}.Release|x64.Build.0 = Release|x86
		{0602B27E-189F-46B7-AB87-68D1724681CD}.Release|x86.ActiveCfg = Release|x86
		{0602B27E-189F-46B7-AB87-68D1724681CD}.Release|x86.Build.0 = Release|x86
	EndGlobalSection
	GlobalSection(SolutionProperties) = preSolution
		HideSolutionNode = FALSE
	EndGlobalSection
	GlobalSection(ExtensibilityGlobals) = postSolution
		SolutionGuid = {B2E5471C-3E8F-4DAE-8D75-DFE8FC8D2336}
	EndGlobalSection
EndGlobal
